// !$*UTF8*$!
{
	archiveVersion = 1;
	classes = {
	};
	objectVersion = 56;
	objects = {

/* Begin PBXBuildFile section */
		516D7E1E2CD0E9C5008CC3EB /* Webcam_Ring_LightApp.swift in Sources */ = {isa = PBXBuildFile; fileRef = 516D7E1D2CD0E9C5008CC3EB /* Webcam_Ring_LightApp.swift */; };
		516D7E202CD0E9C5008CC3EB /* ContentView.swift in Sources */ = {isa = PBXBuildFile; fileRef = 516D7E1F2CD0E9C5008CC3EB /* ContentView.swift */; };
		516D7E222CD0E9C6008CC3EB /* Assets.xcassets in Resources */ = {isa = PBXBuildFile; fileRef = 516D7E212CD0E9C6008CC3EB /* Assets.xcassets */; };
		516D7E252CD0E9C6008CC3EB /* Preview Assets.xcassets in Resources */ = {isa = PBXBuildFile; fileRef = 516D7E242CD0E9C6008CC3EB /* Preview Assets.xcassets */; };
		516D7E302CD0E9C6008CC3EB /* Webcam_Ring_LightTests.swift in Sources */ = {isa = PBXBuildFile; fileRef = 516D7E2F2CD0E9C6008CC3EB /* Webcam_Ring_LightTests.swift */; };
		516D7E3A2CD0E9C7008CC3EB /* Webcam_Ring_LightUITests.swift in Sources */ = {isa = PBXBuildFile; fileRef = 516D7E392CD0E9C7008CC3EB /* Webcam_Ring_LightUITests.swift */; };
		516D7E3C2CD0E9C7008CC3EB /* Webcam_Ring_LightUITestsLaunchTests.swift in Sources */ = {isa = PBXBuildFile; fileRef = 516D7E3B2CD0E9C7008CC3EB /* Webcam_Ring_LightUITestsLaunchTests.swift */; };
/* End PBXBuildFile section */

/* Begin PBXContainerItemProxy section */
		516D7E2C2CD0E9C6008CC3EB /* PBXContainerItemProxy */ = {
			isa = PBXContainerItemProxy;
			containerPortal = 516D7E122CD0E9C5008CC3EB /* Project object */;
			proxyType = 1;
			remoteGlobalIDString = 516D7E192CD0E9C5008CC3EB;
			remoteInfo = "Webcam Ring Light";
		};
		516D7E362CD0E9C7008CC3EB /* PBXContainerItemProxy */ = {
			isa = PBXContainerItemProxy;
			containerPortal = 516D7E122CD0E9C5008CC3EB /* Project object */;
			proxyType = 1;
			remoteGlobalIDString = 516D7E192CD0E9C5008CC3EB;
			remoteInfo = "Webcam Ring Light";
		};
/* End PBXContainerItemProxy section */

/* Begin PBXFileReference section */
		516D7E1A2CD0E9C5008CC3EB /* Webcam Ring Light.app */ = {isa = PBXFileReference; explicitFileType = wrapper.application; includeInIndex = 0; path = "Webcam Ring Light.app"; sourceTree = BUILT_PRODUCTS_DIR; };
		516D7E1D2CD0E9C5008CC3EB /* Webcam_Ring_LightApp.swift */ = {isa = PBXFileReference; lastKnownFileType = sourcecode.swift; path = Webcam_Ring_LightApp.swift; sourceTree = "<group>"; };
		516D7E1F2CD0E9C5008CC3EB /* ContentView.swift */ = {isa = PBXFileReference; lastKnownFileType = sourcecode.swift; path = ContentView.swift; sourceTree = "<group>"; };
		516D7E212CD0E9C6008CC3EB /* Assets.xcassets */ = {isa = PBXFileReference; lastKnownFileType = folder.assetcatalog; path = Assets.xcassets; sourceTree = "<group>"; };
		516D7E242CD0E9C6008CC3EB /* Preview Assets.xcassets */ = {isa = PBXFileReference; lastKnownFileType = folder.assetcatalog; path = "Preview Assets.xcassets"; sourceTree = "<group>"; };
		516D7E262CD0E9C6008CC3EB /* Webcam_Ring_Light.entitlements */ = {isa = PBXFileReference; lastKnownFileType = text.plist.entitlements; path = Webcam_Ring_Light.entitlements; sourceTree = "<group>"; };
		516D7E2B2CD0E9C6008CC3EB /* Webcam Ring LightTests.xctest */ = {isa = PBXFileReference; explicitFileType = wrapper.cfbundle; includeInIndex = 0; path = "Webcam Ring LightTests.xctest"; sourceTree = BUILT_PRODUCTS_DIR; };
		516D7E2F2CD0E9C6008CC3EB /* Webcam_Ring_LightTests.swift */ = {isa = PBXFileReference; lastKnownFileType = sourcecode.swift; path = Webcam_Ring_LightTests.swift; sourceTree = "<group>"; };
		516D7E352CD0E9C7008CC3EB /* Webcam Ring LightUITests.xctest */ = {isa = PBXFileReference; explicitFileType = wrapper.cfbundle; includeInIndex = 0; path = "Webcam Ring LightUITests.xctest"; sourceTree = BUILT_PRODUCTS_DIR; };
		516D7E392CD0E9C7008CC3EB /* Webcam_Ring_LightUITests.swift */ = {isa = PBXFileReference; lastKnownFileType = sourcecode.swift; path = Webcam_Ring_LightUITests.swift; sourceTree = "<group>"; };
		516D7E3B2CD0E9C7008CC3EB /* Webcam_Ring_LightUITestsLaunchTests.swift */ = {isa = PBXFileReference; lastKnownFileType = sourcecode.swift; path = Webcam_Ring_LightUITestsLaunchTests.swift; sourceTree = "<group>"; };
/* End PBXFileReference section */

/* Begin PBXFrameworksBuildPhase section */
		516D7E172CD0E9C5008CC3EB /* Frameworks */ = {
			isa = PBXFrameworksBuildPhase;
			buildActionMask = 2147483647;
			files = (
			);
			runOnlyForDeploymentPostprocessing = 0;
		};
		516D7E282CD0E9C6008CC3EB /* Frameworks */ = {
			isa = PBXFrameworksBuildPhase;
			buildActionMask = 2147483647;
			files = (
			);
			runOnlyForDeploymentPostprocessing = 0;
		};
		516D7E322CD0E9C7008CC3EB /* Frameworks */ = {
			isa = PBXFrameworksBuildPhase;
			buildActionMask = 2147483647;
			files = (
			);
			runOnlyForDeploymentPostprocessing = 0;
		};
/* End PBXFrameworksBuildPhase section */

/* Begin PBXGroup section */
		516D7E112CD0E9C5008CC3EB = {
			isa = PBXGroup;
			children = (
				516D7E1C2CD0E9C5008CC3EB /* Webcam Ring Light */,
				516D7E2E2CD0E9C6008CC3EB /* Webcam Ring LightTests */,
				516D7E382CD0E9C7008CC3EB /* Webcam Ring LightUITests */,
				516D7E1B2CD0E9C5008CC3EB /* Products */,
			);
			sourceTree = "<group>";
		};
		516D7E1B2CD0E9C5008CC3EB /* Products */ = {
			isa = PBXGroup;
			children = (
				516D7E1A2CD0E9C5008CC3EB /* Webcam Ring Light.app */,
				516D7E2B2CD0E9C6008CC3EB /* Webcam Ring LightTests.xctest */,
				516D7E352CD0E9C7008CC3EB /* Webcam Ring LightUITests.xctest */,
			);
			name = Products;
			sourceTree = "<group>";
		};
		516D7E1C2CD0E9C5008CC3EB /* Webcam Ring Light */ = {
			isa = PBXGroup;
			children = (
				516D7E1D2CD0E9C5008CC3EB /* Webcam_Ring_LightApp.swift */,
				516D7E1F2CD0E9C5008CC3EB /* ContentView.swift */,
				516D7E212CD0E9C6008CC3EB /* Assets.xcassets */,
				516D7E262CD0E9C6008CC3EB /* Webcam_Ring_Light.entitlements */,
				516D7E232CD0E9C6008CC3EB /* Preview Content */,
			);
			path = "Webcam Ring Light";
			sourceTree = "<group>";
		};
		516D7E232CD0E9C6008CC3EB /* Preview Content */ = {
			isa = PBXGroup;
			children = (
				516D7E242CD0E9C6008CC3EB /* Preview Assets.xcassets */,
			);
			path = "Preview Content";
			sourceTree = "<group>";
		};
		516D7E2E2CD0E9C6008CC3EB /* Webcam Ring LightTests */ = {
			isa = PBXGroup;
			children = (
				516D7E2F2CD0E9C6008CC3EB /* Webcam_Ring_LightTests.swift */,
			);
			path = "Webcam Ring LightTests";
			sourceTree = "<group>";
		};
		516D7E382CD0E9C7008CC3EB /* Webcam Ring LightUITests */ = {
			isa = PBXGroup;
			children = (
				516D7E392CD0E9C7008CC3EB /* Webcam_Ring_LightUITests.swift */,
				516D7E3B2CD0E9C7008CC3EB /* Webcam_Ring_LightUITestsLaunchTests.swift */,
			);
			path = "Webcam Ring LightUITests";
			sourceTree = "<group>";
		};
/* End PBXGroup section */

/* Begin PBXNativeTarget section */
		516D7E192CD0E9C5008CC3EB /* Webcam Ring Light */ = {
			isa = PBXNativeTarget;
			buildConfigurationList = 516D7E3F2CD0E9C7008CC3EB /* Build configuration list for PBXNativeTarget "Webcam Ring Light" */;
			buildPhases = (
				516D7E162CD0E9C5008CC3EB /* Sources */,
				516D7E172CD0E9C5008CC3EB /* Frameworks */,
				516D7E182CD0E9C5008CC3EB /* Resources */,
			);
			buildRules = (
			);
			dependencies = (
			);
			name = "Webcam Ring Light";
			productName = "Webcam Ring Light";
			productReference = 516D7E1A2CD0E9C5008CC3EB /* Webcam Ring Light.app */;
			productType = "com.apple.product-type.application";
		};
		516D7E2A2CD0E9C6008CC3EB /* Webcam Ring LightTests */ = {
			isa = PBXNativeTarget;
			buildConfigurationList = 516D7E422CD0E9C7008CC3EB /* Build configuration list for PBXNativeTarget "Webcam Ring LightTests" */;
			buildPhases = (
				516D7E272CD0E9C6008CC3EB /* Sources */,
				516D7E282CD0E9C6008CC3EB /* Frameworks */,
				516D7E292CD0E9C6008CC3EB /* Resources */,
			);
			buildRules = (
			);
			dependencies = (
				516D7E2D2CD0E9C6008CC3EB /* PBXTargetDependency */,
			);
			name = "Webcam Ring LightTests";
			productName = "Webcam Ring LightTests";
			productReference = 516D7E2B2CD0E9C6008CC3EB /* Webcam Ring LightTests.xctest */;
			productType = "com.apple.product-type.bundle.unit-test";
		};
		516D7E342CD0E9C7008CC3EB /* Webcam Ring LightUITests */ = {
			isa = PBXNativeTarget;
			buildConfigurationList = 516D7E452CD0E9C7008CC3EB /* Build configuration list for PBXNativeTarget "Webcam Ring LightUITests" */;
			buildPhases = (
				516D7E312CD0E9C7008CC3EB /* Sources */,
				516D7E322CD0E9C7008CC3EB /* Frameworks */,
				516D7E332CD0E9C7008CC3EB /* Resources */,
			);
			buildRules = (
			);
			dependencies = (
				516D7E372CD0E9C7008CC3EB /* PBXTargetDependency */,
			);
			name = "Webcam Ring LightUITests";
			productName = "Webcam Ring LightUITests";
			productReference = 516D7E352CD0E9C7008CC3EB /* Webcam Ring LightUITests.xctest */;
			productType = "com.apple.product-type.bundle.ui-testing";
		};
/* End PBXNativeTarget section */

/* Begin PBXProject section */
		516D7E122CD0E9C5008CC3EB /* Project object */ = {
			isa = PBXProject;
			attributes = {
				BuildIndependentTargetsInParallel = 1;
				LastSwiftUpdateCheck = 1540;
				LastUpgradeCheck = 1540;
				TargetAttributes = {
					516D7E192CD0E9C5008CC3EB = {
						CreatedOnToolsVersion = 15.4;
					};
					516D7E2A2CD0E9C6008CC3EB = {
						CreatedOnToolsVersion = 15.4;
						TestTargetID = 516D7E192CD0E9C5008CC3EB;
					};
					516D7E342CD0E9C7008CC3EB = {
						CreatedOnToolsVersion = 15.4;
						TestTargetID = 516D7E192CD0E9C5008CC3EB;
					};
				};
			};
			buildConfigurationList = 516D7E152CD0E9C5008CC3EB /* Build configuration list for PBXProject "Webcam Ring Light" */;
			compatibilityVersion = "Xcode 14.0";
			developmentRegion = en;
			hasScannedForEncodings = 0;
			knownRegions = (
				en,
				Base,
			);
			mainGroup = 516D7E112CD0E9C5008CC3EB;
			productRefGroup = 516D7E1B2CD0E9C5008CC3EB /* Products */;
			projectDirPath = "";
			projectRoot = "";
			targets = (
				516D7E192CD0E9C5008CC3EB /* Webcam Ring Light */,
				516D7E2A2CD0E9C6008CC3EB /* Webcam Ring LightTests */,
				516D7E342CD0E9C7008CC3EB /* Webcam Ring LightUITests */,
			);
		};
/* End PBXProject section */

/* Begin PBXResourcesBuildPhase section */
		516D7E182CD0E9C5008CC3EB /* Resources */ = {
			isa = PBXResourcesBuildPhase;
			buildActionMask = 2147483647;
			files = (
				516D7E252CD0E9C6008CC3EB /* Preview Assets.xcassets in Resources */,
				516D7E222CD0E9C6008CC3EB /* Assets.xcassets in Resources */,
			);
			runOnlyForDeploymentPostprocessing = 0;
		};
		516D7E292CD0E9C6008CC3EB /* Resources */ = {
			isa = PBXResourcesBuildPhase;
			buildActionMask = 2147483647;
			files = (
			);
			runOnlyForDeploymentPostprocessing = 0;
		};
		516D7E332CD0E9C7008CC3EB /* Resources */ = {
			isa = PBXResourcesBuildPhase;
			buildActionMask = 2147483647;
			files = (
			);
			runOnlyForDeploymentPostprocessing = 0;
		};
/* End PBXResourcesBuildPhase section */

/* Begin PBXSourcesBuildPhase section */
		516D7E162CD0E9C5008CC3EB /* Sources */ = {
			isa = PBXSourcesBuildPhase;
			buildActionMask = 2147483647;
			files = (
				516D7E202CD0E9C5008CC3EB /* ContentView.swift in Sources */,
				516D7E1E2CD0E9C5008CC3EB /* Webcam_Ring_LightApp.swift in Sources */,
			);
			runOnlyForDeploymentPostprocessing = 0;
		};
		516D7E272CD0E9C6008CC3EB /* Sources */ = {
			isa = PBXSourcesBuildPhase;
			buildActionMask = 2147483647;
			files = (
				516D7E302CD0E9C6008CC3EB /* Webcam_Ring_LightTests.swift in Sources */,
			);
			runOnlyForDeploymentPostprocessing = 0;
		};
		516D7E312CD0E9C7008CC3EB /* Sources */ = {
			isa = PBXSourcesBuildPhase;
			buildActionMask = 2147483647;
			files = (
				516D7E3C2CD0E9C7008CC3EB /* Webcam_Ring_LightUITestsLaunchTests.swift in Sources */,
				516D7E3A2CD0E9C7008CC3EB /* Webcam_Ring_LightUITests.swift in Sources */,
			);
			runOnlyForDeploymentPostprocessing = 0;
		};
/* End PBXSourcesBuildPhase section */

/* Begin PBXTargetDependency section */
		516D7E2D2CD0E9C6008CC3EB /* PBXTargetDependency */ = {
			isa = PBXTargetDependency;
			target = 516D7E192CD0E9C5008CC3EB /* Webcam Ring Light */;
			targetProxy = 516D7E2C2CD0E9C6008CC3EB /* PBXContainerItemProxy */;
		};
		516D7E372CD0E9C7008CC3EB /* PBXTargetDependency */ = {
			isa = PBXTargetDependency;
			target = 516D7E192CD0E9C5008CC3EB /* Webcam Ring Light */;
			targetProxy = 516D7E362CD0E9C7008CC3EB /* PBXContainerItemProxy */;
		};
/* End PBXTargetDependency section */

/* Begin XCBuildConfiguration section */
		516D7E3D2CD0E9C7008CC3EB /* Debug */ = {
			isa = XCBuildConfiguration;
			buildSettings = {
				ALWAYS_SEARCH_USER_PATHS = NO;
				ASSETCATALOG_COMPILER_GENERATE_SWIFT_ASSET_SYMBOL_EXTENSIONS = YES;
				CLANG_ANALYZER_NONNULL = YES;
				CLANG_ANALYZER_NUMBER_OBJECT_CONVERSION = YES_AGGRESSIVE;
				CLANG_CXX_LANGUAGE_STANDARD = "gnu++20";
				CLANG_ENABLE_MODULES = YES;
				CLANG_ENABLE_OBJC_ARC = YES;
				CLANG_ENABLE_OBJC_WEAK = YES;
				CLANG_WARN_BLOCK_CAPTURE_AUTORELEASING = YES;
				CLANG_WARN_BOOL_CONVERSION = YES;
				CLANG_WARN_COMMA = YES;
				CLANG_WARN_CONSTANT_CONVERSION = YES;
				CLANG_WARN_DEPRECATED_OBJC_IMPLEMENTATIONS = YES;
				CLANG_WARN_DIRECT_OBJC_ISA_USAGE = YES_ERROR;
				CLANG_WARN_DOCUMENTATION_COMMENTS = YES;
				CLANG_WARN_EMPTY_BODY = YES;
				CLANG_WARN_ENUM_CONVERSION = YES;
				CLANG_WARN_INFINITE_RECURSION = YES;
				CLANG_WARN_INT_CONVERSION = YES;
				CLANG_WARN_NON_LITERAL_NULL_CONVERSION = YES;
				CLANG_WARN_OBJC_IMPLICIT_RETAIN_SELF = YES;
				CLANG_WARN_OBJC_LITERAL_CONVERSION = YES;
				CLANG_WARN_OBJC_ROOT_CLASS = YES_ERROR;
				CLANG_WARN_QUOTED_INCLUDE_IN_FRAMEWORK_HEADER = YES;
				CLANG_WARN_RANGE_LOOP_ANALYSIS = YES;
				CLANG_WARN_STRICT_PROTOTYPES = YES;
				CLANG_WARN_SUSPICIOUS_MOVE = YES;
				CLANG_WARN_UNGUARDED_AVAILABILITY = YES_AGGRESSIVE;
				CLANG_WARN_UNREACHABLE_CODE = YES;
				CLANG_WARN__DUPLICATE_METHOD_MATCH = YES;
				COPY_PHASE_STRIP = NO;
				DEBUG_INFORMATION_FORMAT = dwarf;
				ENABLE_STRICT_OBJC_MSGSEND = YES;
				ENABLE_TESTABILITY = YES;
				ENABLE_USER_SCRIPT_SANDBOXING = YES;
				GCC_C_LANGUAGE_STANDARD = gnu17;
				GCC_DYNAMIC_NO_PIC = NO;
				GCC_NO_COMMON_BLOCKS = YES;
				GCC_OPTIMIZATION_LEVEL = 0;
				GCC_PREPROCESSOR_DEFINITIONS = (
					"DEBUG=1",
					"$(inherited)",
				);
				GCC_WARN_64_TO_32_BIT_CONVERSION = YES;
				GCC_WARN_ABOUT_RETURN_TYPE = YES_ERROR;
				GCC_WARN_UNDECLARED_SELECTOR = YES;
				GCC_WARN_UNINITIALIZED_AUTOS = YES_AGGRESSIVE;
				GCC_WARN_UNUSED_FUNCTION = YES;
				GCC_WARN_UNUSED_VARIABLE = YES;
				LOCALIZATION_PREFERS_STRING_CATALOGS = YES;
				MACOSX_DEPLOYMENT_TARGET = 14.4;
				MTL_ENABLE_DEBUG_INFO = INCLUDE_SOURCE;
				MTL_FAST_MATH = YES;
				ONLY_ACTIVE_ARCH = YES;
				SDKROOT = macosx;
				SWIFT_ACTIVE_COMPILATION_CONDITIONS = "DEBUG $(inherited)";
				SWIFT_OPTIMIZATION_LEVEL = "-Onone";
			};
			name = Debug;
		};
		516D7E3E2CD0E9C7008CC3EB /* Release */ = {
			isa = XCBuildConfiguration;
			buildSettings = {
				ALWAYS_SEARCH_USER_PATHS = NO;
				ASSETCATALOG_COMPILER_GENERATE_SWIFT_ASSET_SYMBOL_EXTENSIONS = YES;
				CLANG_ANALYZER_NONNULL = YES;
				CLANG_ANALYZER_NUMBER_OBJECT_CONVERSION = YES_AGGRESSIVE;
				CLANG_CXX_LANGUAGE_STANDARD = "gnu++20";
				CLANG_ENABLE_MODULES = YES;
				CLANG_ENABLE_OBJC_ARC = YES;
				CLANG_ENABLE_OBJC_WEAK = YES;
				CLANG_WARN_BLOCK_CAPTURE_AUTORELEASING = YES;
				CLANG_WARN_BOOL_CONVERSION = YES;
				CLANG_WARN_COMMA = YES;
				CLANG_WARN_CONSTANT_CONVERSION = YES;
				CLANG_WARN_DEPRECATED_OBJC_IMPLEMENTATIONS = YES;
				CLANG_WARN_DIRECT_OBJC_ISA_USAGE = YES_ERROR;
				CLANG_WARN_DOCUMENTATION_COMMENTS = YES;
				CLANG_WARN_EMPTY_BODY = YES;
				CLANG_WARN_ENUM_CONVERSION = YES;
				CLANG_WARN_INFINITE_RECURSION = YES;
				CLANG_WARN_INT_CONVERSION = YES;
				CLANG_WARN_NON_LITERAL_NULL_CONVERSION = YES;
				CLANG_WARN_OBJC_IMPLICIT_RETAIN_SELF = YES;
				CLANG_WARN_OBJC_LITERAL_CONVERSION = YES;
				CLANG_WARN_OBJC_ROOT_CLASS = YES_ERROR;
				CLANG_WARN_QUOTED_INCLUDE_IN_FRAMEWORK_HEADER = YES;
				CLANG_WARN_RANGE_LOOP_ANALYSIS = YES;
				CLANG_WARN_STRICT_PROTOTYPES = YES;
				CLANG_WARN_SUSPICIOUS_MOVE = YES;
				CLANG_WARN_UNGUARDED_AVAILABILITY = YES_AGGRESSIVE;
				CLANG_WARN_UNREACHABLE_CODE = YES;
				CLANG_WARN__DUPLICATE_METHOD_MATCH = YES;
				COPY_PHASE_STRIP = NO;
				DEBUG_INFORMATION_FORMAT = "dwarf-with-dsym";
				ENABLE_NS_ASSERTIONS = NO;
				ENABLE_STRICT_OBJC_MSGSEND = YES;
				ENABLE_USER_SCRIPT_SANDBOXING = YES;
				GCC_C_LANGUAGE_STANDARD = gnu17;
				GCC_NO_COMMON_BLOCKS = YES;
				GCC_WARN_64_TO_32_BIT_CONVERSION = YES;
				GCC_WARN_ABOUT_RETURN_TYPE = YES_ERROR;
				GCC_WARN_UNDECLARED_SELECTOR = YES;
				GCC_WARN_UNINITIALIZED_AUTOS = YES_AGGRESSIVE;
				GCC_WARN_UNUSED_FUNCTION = YES;
				GCC_WARN_UNUSED_VARIABLE = YES;
				LOCALIZATION_PREFERS_STRING_CATALOGS = YES;
				MACOSX_DEPLOYMENT_TARGET = 14.4;
				MTL_ENABLE_DEBUG_INFO = NO;
				MTL_FAST_MATH = YES;
				SDKROOT = macosx;
				SWIFT_COMPILATION_MODE = wholemodule;
			};
			name = Release;
		};
		516D7E402CD0E9C7008CC3EB /* Debug */ = {
			isa = XCBuildConfiguration;
			buildSettings = {
				ASSETCATALOG_COMPILER_APPICON_NAME = AppIcon;
				ASSETCATALOG_COMPILER_GLOBAL_ACCENT_COLOR_NAME = AccentColor;
				CODE_SIGN_ENTITLEMENTS = "Webcam Ring Light/Webcam_Ring_Light.entitlements";
				CODE_SIGN_STYLE = Automatic;
				COMBINE_HIDPI_IMAGES = YES;
				CURRENT_PROJECT_VERSION = 1;
				DEVELOPMENT_ASSET_PATHS = "\"Webcam Ring Light/Preview Content\"";
				ENABLE_PREVIEWS = YES;
				GENERATE_INFOPLIST_FILE = YES;
				INFOPLIST_KEY_NSHumanReadableCopyright = "";
				LD_RUNPATH_SEARCH_PATHS = (
					"$(inherited)",
					"@executable_path/../Frameworks",
				);
				MARKETING_VERSION = 1.0;
				PRODUCT_BUNDLE_IDENTIFIER = "Light-Co.Webcam-Ring-Light";
				PRODUCT_NAME = "$(TARGET_NAME)";
				SWIFT_EMIT_LOC_STRINGS = YES;
				SWIFT_VERSION = 5.0;
			};
			name = Debug;
		};
		516D7E412CD0E9C7008CC3EB /* Release */ = {
			isa = XCBuildConfiguration;
			buildSettings = {
				ASSETCATALOG_COMPILER_APPICON_NAME = AppIcon;
				ASSETCATALOG_COMPILER_GLOBAL_ACCENT_COLOR_NAME = AccentColor;
				CODE_SIGN_ENTITLEMENTS = "Webcam Ring Light/Webcam_Ring_Light.entitlements";
				CODE_SIGN_STYLE = Automatic;
				COMBINE_HIDPI_IMAGES = YES;
				CURRENT_PROJECT_VERSION = 1;
				DEVELOPMENT_ASSET_PATHS = "\"Webcam Ring Light/Preview Content\"";
				ENABLE_PREVIEWS = YES;
				GENERATE_INFOPLIST_FILE = YES;
				INFOPLIST_KEY_NSHumanReadableCopyright = "";
				LD_RUNPATH_SEARCH_PATHS = (
					"$(inherited)",
					"@executable_path/../Frameworks",
				);
				MARKETING_VERSION = 1.0;
				PRODUCT_BUNDLE_IDENTIFIER = "Light-Co.Webcam-Ring-Light";
				PRODUCT_NAME = "$(TARGET_NAME)";
				SWIFT_EMIT_LOC_STRINGS = YES;
				SWIFT_VERSION = 5.0;
			};
			name = Release;
		};
		516D7E432CD0E9C7008CC3EB /* Debug */ = {
			isa = XCBuildConfiguration;
			buildSettings = {
				ALWAYS_EMBED_SWIFT_STANDARD_LIBRARIES = YES;
				BUNDLE_LOADER = "$(TEST_HOST)";
				CODE_SIGN_STYLE = Automatic;
				CURRENT_PROJECT_VERSION = 1;
				GENERATE_INFOPLIST_FILE = YES;
				MACOSX_DEPLOYMENT_TARGET = 14.4;
				MARKETING_VERSION = 1.0;
				PRODUCT_BUNDLE_IDENTIFIER = "Light-Co.Webcam-Ring-LightTests";
				PRODUCT_NAME = "$(TARGET_NAME)";
				SWIFT_EMIT_LOC_STRINGS = NO;
				SWIFT_VERSION = 5.0;
				TEST_HOST = "$(BUILT_PRODUCTS_DIR)/Webcam Ring Light.app/$(BUNDLE_EXECUTABLE_FOLDER_PATH)/Webcam Ring Light";
			};
			name = Debug;
		};
		516D7E442CD0E9C7008CC3EB /* Release */ = {
			isa = XCBuildConfiguration;
			buildSettings = {
				ALWAYS_EMBED_SWIFT_STANDARD_LIBRARIES = YES;
				BUNDLE_LOADER = "$(TEST_HOST)";
				CODE_SIGN_STYLE = Automatic;
				CURRENT_PROJECT_VERSION = 1;
				GENERATE_INFOPLIST_FILE = YES;
				MACOSX_DEPLOYMENT_TARGET = 14.4;
				MARKETING_VERSION = 1.0;
				PRODUCT_BUNDLE_IDENTIFIER = "Light-Co.Webcam-Ring-LightTests";
				PRODUCT_NAME = "$(TARGET_NAME)";
				SWIFT_EMIT_LOC_STRINGS = NO;
				SWIFT_VERSION = 5.0;
				TEST_HOST = "$(BUILT_PRODUCTS_DIR)/Webcam Ring Light.app/$(BUNDLE_EXECUTABLE_FOLDER_PATH)/Webcam Ring Light";
			};
			name = Release;
		};
		516D7E462CD0E9C7008CC3EB /* Debug */ = {
			isa = XCBuildConfiguration;
			buildSettings = {
				ALWAYS_EMBED_SWIFT_STANDARD_LIBRARIES = YES;
				CODE_SIGN_STYLE = Automatic;
				CURRENT_PROJECT_VERSION = 1;
				GENERATE_INFOPLIST_FILE = YES;
				MARKETING_VERSION = 1.0;
				PRODUCT_BUNDLE_IDENTIFIER = "Light-Co.Webcam-Ring-LightUITests";
				PRODUCT_NAME = "$(TARGET_NAME)";
				SWIFT_EMIT_LOC_STRINGS = NO;
				SWIFT_VERSION = 5.0;
				TEST_TARGET_NAME = "Webcam Ring Light";
			};
			name = Debug;
		};
		516D7E472CD0E9C7008CC3EB /* Release */ = {
			isa = XCBuildConfiguration;
			buildSettings = {
				ALWAYS_EMBED_SWIFT_STANDARD_LIBRARIES = YES;
				CODE_SIGN_STYLE = Automatic;
				CURRENT_PROJECT_VERSION = 1;
				GENERATE_INFOPLIST_FILE = YES;
				MARKETING_VERSION = 1.0;
				PRODUCT_BUNDLE_IDENTIFIER = "Light-Co.Webcam-Ring-LightUITests";
				PRODUCT_NAME = "$(TARGET_NAME)";
				SWIFT_EMIT_LOC_STRINGS = NO;
				SWIFT_VERSION = 5.0;
				TEST_TARGET_NAME = "Webcam Ring Light";
			};
			name = Release;
		};
/* End XCBuildConfiguration section */

/* Begin XCConfigurationList section */
		516D7E152CD0E9C5008CC3EB /* Build configuration list for PBXProject "Webcam Ring Light" */ = {
			isa = XCConfigurationList;
			buildConfigurations = (
				516D7E3D2CD0E9C7008CC3EB /* Debug */,
				516D7E3E2CD0E9C7008CC3EB /* Release */,
			);
			defaultConfigurationIsVisible = 0;
			defaultConfigurationName = Release;
		};
		516D7E3F2CD0E9C7008CC3EB /* Build configuration list for PBXNativeTarget "Webcam Ring Light" */ = {
			isa = XCConfigurationList;
			buildConfigurations = (
				516D7E402CD0E9C7008CC3EB /* Debug */,
				516D7E412CD0E9C7008CC3EB /* Release */,
			);
			defaultConfigurationIsVisible = 0;
			defaultConfigurationName = Release;
		};
		516D7E422CD0E9C7008CC3EB /* Build configuration list for PBXNativeTarget "Webcam Ring LightTests" */ = {
			isa = XCConfigurationList;
			buildConfigurations = (
				516D7E432CD0E9C7008CC3EB /* Debug */,
				516D7E442CD0E9C7008CC3EB /* Release */,
			);
			defaultConfigurationIsVisible = 0;
			defaultConfigurationName = Release;
		};
		516D7E452CD0E9C7008CC3EB /* Build configuration list for PBXNativeTarget "Webcam Ring LightUITests" */ = {
			isa = XCConfigurationList;
			buildConfigurations = (
				516D7E462CD0E9C7008CC3EB /* Debug */,
				516D7E472CD0E9C7008CC3EB /* Release */,
			);
			defaultConfigurationIsVisible = 0;
			defaultConfigurationName = Release;
		};
/* End XCConfigurationList section */
	};
	rootObject = 516D7E122CD0E9C5008CC3EB /* Project object */;
}
